
Microsoft Visual Studio Solution File, Format Version 12.00
# Visual Studio Version 17
VisualStudioVersion = 17.7.34221.43
MinimumVisualStudioVersion = 10.0.40219.1
Project("{FAE04EC0-301F-11D3-BF4B-00C04F79EFBC}") = "05LaboratoryExercise1", "05LaboratoryExercise1\05LaboratoryExercise1.csproj", "{AC721E02-0E9E-4BED-B0A1-0544A3538017}"
EndProject
Global
	GlobalSection(SolutionConfigurationPlatforms) = preSolution
		Debug|Any CPU = Debug|Any CPU
		Release|Any CPU = Release|Any CPU
	EndGlobalSection
	GlobalSection(ProjectConfigurationPlatforms) = postSolution
		{AC721E02-0E9E-4BED-B0A1-0544A3538017}.Debug|Any CPU.ActiveCfg = Debug|Any CPU
		{AC721E02-0E9E-4BED-B0A1-0544A3538017}.Debug|Any CPU.Build.0 = Debug|Any CPU
		{AC721E02-0E9E-4BED-B0A1-0544A3538017}.Release|Any CPU.ActiveCfg = Release|Any CPU
		{AC721E02-0E9E-4BED-B0A1-0544A3538017}.Release|Any CPU.Build.0 = Release|Any CPU
	EndGlobalSection
	GlobalSection(SolutionProperties) = preSolution
		HideSolutionNode = FALSE
	EndGlobalSection
	GlobalSection(ExtensibilityGlobals) = postSolution
		SolutionGuid = {4AC4F379-3E45-4EE3-B069-DA26D94E1937}
	EndGlobalSection
EndGlobal
